{
  "name": "qefro-example-order-status",
  "version": "1.0.0",
  "lockfileVersion": 3,
  "requires": true,
  "packages": {
    "": {
      "name": "qefro-example-order-status",
      "version": "1.0.0",
      "dependencies": {
        "@qefro-ai/backend": "file:../..",
        "dotenv": "^16.4.5"
      }
    },
    "../..": {
      "name": "@qefro-ai/backend",
      "version": "1.0.0",
      "license": "MIT",
      "devDependencies": {
        "@types/node": "^22.10.1",
        "tsup": "^8.0.0",
        "typescript": "^5.3.0"
      },
      "engines": {
        "node": ">=18"
      }
    },
    "node_modules/@qefro-ai/backend": {
      "resolved": "../..",
      "link": true
    },
    "node_modules/dotenv": {
      "version": "16.6.1",
      "resolved": "https://registry.npmjs.org/dotenv/-/dotenv-16.6.1.tgz",
      "integrity": "sha512-uBq4egWHTcTt33a72vpSG0z3HnPuIl6NqYcTrKEg2azoEyl2hpW0zqlxysq2pK9HlDIHyHyakeYaYnSAwd8bow==",
      "license": "BSD-2-Clause",
      "engines": {
        "node": ">=12"
      },
      "funding": {
        "url": "https://dotenvx.com"
      }
    }
  }
}
